// !$*UTF8*$!
{
	archiveVersion = 1;
	classes = {
	};
	objectVersion = 48;
	objects = {

/* Begin PBXBuildFile section */
		810F03031F734ABC00B98740 /* AppDelegate.m in Sources */ = {isa = PBXBuildFile; fileRef = 810F03021F734ABC00B98740 /* AppDelegate.m */; };
		810F03061F734ABC00B98740 /* ViewController.m in Sources */ = {isa = PBXBuildFile; fileRef = 810F03051F734ABC00B98740 /* ViewController.m */; };
		810F03091F734ABC00B98740 /* Main.storyboard in Resources */ = {isa = PBXBuildFile; fileRef = 810F03071F734ABC00B98740 /* Main.storyboard */; };
		810F030B1F734ABC00B98740 /* Assets.xcassets in Resources */ = {isa = PBXBuildFile; fileRef = 810F030A1F734ABC00B98740 /* Assets.xcassets */; };
		810F030E1F734ABC00B98740 /* LaunchScreen.storyboard in Resources */ = {isa = PBXBuildFile; fileRef = 810F030C1F734ABC00B98740 /* LaunchScreen.storyboard */; };
		810F03111F734ABC00B98740 /* main.m in Sources */ = {isa = PBXBuildFile; fileRef = 810F03101F734ABC00B98740 /* main.m */; };
/* End PBXBuildFile section */

/* Begin PBXFileReference section */
		810F02FE1F734ABC00B98740 /* LPFTableView.app */ = {isa = PBXFileReference; explicitFileType = wrapper.application; includeInIndex = 0; path = LPFTableView.app; sourceTree = BUILT_PRODUCTS_DIR; };
		810F03011F734ABC00B98740 /* AppDelegate.h */ = {isa = PBXFileReference; lastKnownFileType = sourcecode.c.h; path = AppDelegate.h; sourceTree = "<group>"; };
		810F03021F734ABC00B98740 /* AppDelegate.m */ = {isa = PBXFileReference; lastKnownFileType = sourcecode.c.objc; path = AppDelegate.m; sourceTree = "<group>"; };
		810F03041F734ABC00B98740 /* ViewController.h */ = {isa = PBXFileReference; lastKnownFileType = sourcecode.c.h; path = ViewController.h; sourceTree = "<group>"; };
		810F03051F734ABC00B98740 /* ViewController.m */ = {isa = PBXFileReference; lastKnownFileType = sourcecode.c.objc; path = ViewController.m; sourceTree = "<group>"; };
		810F03081F734ABC00B98740 /* Base */ = {isa = PBXFileReference; lastKnownFileType = file.storyboard; name = Base; path = Base.lproj/Main.storyboard; sourceTree = "<group>"; };
		810F030A1F734ABC00B98740 /* Assets.xcassets */ = {isa = PBXFileReference; lastKnownFileType = folder.assetcatalog; path = Assets.xcassets; sourceTree = "<group>"; };
		810F030D1F734ABC00B98740 /* Base */ = {isa = PBXFileReference; lastKnownFileType = file.storyboard; name = Base; path = Base.lproj/LaunchScreen.storyboard; sourceTree = "<group>"; };
		810F030F1F734ABC00B98740 /* Info.plist */ = {isa = PBXFileReference; lastKnownFileType = text.plist.xml; path = Info.plist; sourceTree = "<group>"; };
		810F03101F734ABC00B98740 /* main.m */ = {isa = PBXFileReference; lastKnownFileType = sourcecode.c.objc; path = main.m; sourceTree = "<group>"; };
/* End PBXFileReference section */

/* Begin PBXFrameworksBuildPhase section */
		810F02FB1F734ABC00B98740 /* Frameworks */ = {
			isa = PBXFrameworksBuildPhase;
			buildActionMask = 2147483647;
			files = (
			);
			runOnlyForDeploymentPostprocessing = 0;
		};
/* End PBXFrameworksBuildPhase section */

/* Begin PBXGroup section */
		810F02F51F734ABC00B98740 = {
			isa = PBXGroup;
			children = (
				810F03001F734ABC00B98740 /* LPFTableView */,
				810F02FF1F734ABC00B98740 /* Products */,
			);
			sourceTree = "<group>";
		};
		810F02FF1F734ABC00B98740 /* Products */ = {
			isa = PBXGroup;
			children = (
				810F02FE1F734ABC00B98740 /* LPFTableView.app */,
			);
			name = Products;
			sourceTree = "<group>";
		};
		810F03001F734ABC00B98740 /* LPFTableView */ = {
			isa = PBXGroup;
			children = (
				810F03011F734ABC00B98740 /* AppDelegate.h */,
				810F03021F734ABC00B98740 /* AppDelegate.m */,
				810F03041F734ABC00B98740 /* ViewController.h */,
				810F03051F734ABC00B98740 /* ViewController.m */,
				810F03071F734ABC00B98740 /* Main.storyboard */,
				810F030A1F734ABC00B98740 /* Assets.xcassets */,
				810F030C1F734ABC00B98740 /* LaunchScreen.storyboard */,
				810F030F1F734ABC00B98740 /* Info.plist */,
				810F03101F734ABC00B98740 /* main.m */,
			);
			path = LPFTableView;
			sourceTree = "<group>";
		};
/* End PBXGroup section */

/* Begin PBXNativeTarget section */
		810F02FD1F734ABC00B98740 /* LPFTableView */ = {
			isa = PBXNativeTarget;
			buildConfigurationList = 810F03141F734ABC00B98740 /* Build configuration list for PBXNativeTarget "LPFTableView" */;
			buildPhases = (
				810F02FA1F734ABC00B98740 /* Sources */,
				810F02FB1F734ABC00B98740 /* Frameworks */,
				810F02FC1F734ABC00B98740 /* Resources */,
			);
			buildRules = (
			);
			dependencies = (
			);
			name = LPFTableView;
			productName = LPFTableView;
			productReference = 810F02FE1F734ABC00B98740 /* LPFTableView.app */;
			productType = "com.apple.product-type.application";
		};
/* End PBXNativeTarget section */

/* Begin PBXProject section */
		810F02F61F734ABC00B98740 /* Project object */ = {
			isa = PBXProject;
			attributes = {
				LastUpgradeCheck = 0900;
				ORGANIZATIONNAME = AFlyLi;
				TargetAttributes = {
					810F02FD1F734ABC00B98740 = {
						CreatedOnToolsVersion = 9.0;
						ProvisioningStyle = Automatic;
					};
				};
			};
			buildConfigurationList = 810F02F91F734ABC00B98740 /* Build configuration list for PBXProject "LPFTableView" */;
			compatibilityVersion = "Xcode 8.0";
			developmentRegion = en;
			hasScannedForEncodings = 0;
			knownRegions = (
				en,
				Base,
			);
			mainGroup = 810F02F51F734ABC00B98740;
			productRefGroup = 810F02FF1F734ABC00B98740 /* Products */;
			projectDirPath = "";
			projectRoot = "";
			targets = (
				810F02FD1F734ABC00B98740 /* LPFTableView */,
			);
		};
/* End PBXProject section */

/* Begin PBXResourcesBuildPhase section */
		810F02FC1F734ABC00B98740 /* Resources */ = {
			isa = PBXResourcesBuildPhase;
			buildActionMask = 2147483647;
			files = (
				810F030E1F734ABC00B98740 /* LaunchScreen.storyboard in Resources */,
				810F030B1F734ABC00B98740 /* Assets.xcassets in Resources */,
				810F03091F734ABC00B98740 /* Main.storyboard in Resources */,
			);
			runOnlyForDeploymentPostprocessing = 0;
		};
/* End PBXResourcesBuildPhase section */

/* Begin PBXSourcesBuildPhase section */
		810F02FA1F734ABC00B98740 /* Sources */ = {
			isa = PBXSourcesBuildPhase;
			buildActionMask = 2147483647;
			files = (
				810F03061F734ABC00B98740 /* ViewController.m in Sources */,
				810F03111F734ABC00B98740 /* main.m in Sources */,
				810F03031F734ABC00B98740 /* AppDelegate.m in Sources */,
			);
			runOnlyForDeploymentPostprocessing = 0;
		};
/* End PBXSourcesBuildPhase section */

/* Begin PBXVariantGroup section */
		810F03071F734ABC00B98740 /* Main.storyboard */ = {
			isa = PBXVariantGroup;
			children = (
				810F03081F734ABC00B98740 /* Base */,
			);
			name = Main.storyboard;
			sourceTree = "<group>";
		};
		810F030C1F734ABC00B98740 /* LaunchScreen.storyboard */ = {
			isa = PBXVariantGroup;
			children = (
				810F030D1F734ABC00B98740 /* Base */,
			);
			name = LaunchScreen.storyboard;
			sourceTree = "<group>";
		};
/* End PBXVariantGroup section */

/* Begin XCBuildConfiguration section */
		810F03121F734ABC00B98740 /* Debug */ = {
			isa = XCBuildConfiguration;
			buildSettings = {
				ALWAYS_SEARCH_USER_PATHS = NO;
				CLANG_ANALYZER_NONNULL = YES;
				CLANG_ANALYZER_NUMBER_OBJECT_CONVERSION = YES_AGGRESSIVE;
				CLANG_CXX_LANGUAGE_STANDARD = "gnu++14";
				CLANG_CXX_LIBRARY = "libc++";
				CLANG_ENABLE_MODULES = YES;
				CLANG_ENABLE_OBJC_ARC = YES;
				CLANG_WARN_BLOCK_CAPTURE_AUTORELEASING = YES;
				CLANG_WARN_BOOL_CONVERSION = YES;
				CLANG_WARN_COMMA = YES;
				CLANG_WARN_CONSTANT_CONVERSION = YES;
				CLANG_WARN_DIRECT_OBJC_ISA_USAGE = YES_ERROR;
				CLANG_WARN_DOCUMENTATION_COMMENTS = YES;
				CLANG_WARN_EMPTY_BODY = YES;
				CLANG_WARN_ENUM_CONVERSION = YES;
				CLANG_WARN_INFINITE_RECURSION = YES;
				CLANG_WARN_INT_CONVERSION = YES;
				CLANG_WARN_NON_LITERAL_NULL_CONVERSION = YES;
				CLANG_WARN_OBJC_LITERAL_CONVERSION = YES;
				CLANG_WARN_OBJC_ROOT_CLASS = YES_ERROR;
				CLANG_WARN_RANGE_LOOP_ANALYSIS = YES;
				CLANG_WARN_STRICT_PROTOTYPES = YES;
				CLANG_WARN_SUSPICIOUS_MOVE = YES;
				CLANG_WARN_UNGUARDED_AVAILABILITY = YES_AGGRESSIVE;
				CLANG_WARN_UNREACHABLE_CODE = YES;
				CLANG_WARN__DUPLICATE_METHOD_MATCH = YES;
				CODE_SIGN_IDENTITY = "iPhone Developer";
				COPY_PHASE_STRIP = NO;
				DEBUG_INFORMATION_FORMAT = dwarf;
				ENABLE_STRICT_OBJC_MSGSEND = YES;
				ENABLE_TESTABILITY = YES;
				GCC_C_LANGUAGE_STANDARD = gnu11;
				GCC_DYNAMIC_NO_PIC = NO;
				GCC_NO_COMMON_BLOCKS = YES;
				GCC_OPTIMIZATION_LEVEL = 0;
				GCC_PREPROCESSOR_DEFINITIONS = (
					"DEBUG=1",
					"$(inherited)",
				);
				GCC_WARN_64_TO_32_BIT_CONVERSION = YES;
				GCC_WARN_ABOUT_RETURN_TYPE = YES_ERROR;
				GCC_WARN_UNDECLARED_SELECTOR = YES;
				GCC_WARN_UNINITIALIZED_AUTOS = YES_AGGRESSIVE;
				GCC_WARN_UNUSED_FUNCTION = YES;
				GCC_WARN_UNUSED_VARIABLE = YES;
				IPHONEOS_DEPLOYMENT_TARGET = 11.0;
				MTL_ENABLE_DEBUG_INFO = YES;
				ONLY_ACTIVE_ARCH = YES;
				SDKROOT = iphoneos;
			};
			name = Debug;
		};
		810F03131F734ABC00B98740 /* Release */ = {
			isa = XCBuildConfiguration;
			buildSettings = {
				ALWAYS_SEARCH_USER_PATHS = NO;
				CLANG_ANALYZER_NONNULL = YES;
				CLANG_ANALYZER_NUMBER_OBJECT_CONVERSION = YES_AGGRESSIVE;
				CLANG_CXX_LANGUAGE_STANDARD = "gnu++14";
				CLANG_CXX_LIBRARY = "libc++";
				CLANG_ENABLE_MODULES = YES;
				CLANG_ENABLE_OBJC_ARC = YES;
				CLANG_WARN_BLOCK_CAPTURE_AUTORELEASING = YES;
				CLANG_WARN_BOOL_CONVERSION = YES;
				CLANG_WARN_COMMA = YES;
				CLANG_WARN_CONSTANT_CONVERSION = YES;
				CLANG_WARN_DIRECT_OBJC_ISA_USAGE = YES_ERROR;
				CLANG_WARN_DOCUMENTATION_COMMENTS = YES;
				CLANG_WARN_EMPTY_BODY = YES;
				CLANG_WARN_ENUM_CONVERSION = YES;
				CLANG_WARN_INFINITE_RECURSION = YES;
				CLANG_WARN_INT_CONVERSION = YES;
				CLANG_WARN_NON_LITERAL_NULL_CONVERSION = YES;
				CLANG_WARN_OBJC_LITERAL_CONVERSION = YES;
				CLANG_WARN_OBJC_ROOT_CLASS = YES_ERROR;
				CLANG_WARN_RANGE_LOOP_ANALYSIS = YES;
				CLANG_WARN_STRICT_PROTOTYPES = YES;
				CLANG_WARN_SUSPICIOUS_MOVE = YES;
				CLANG_WARN_UNGUARDED_AVAILABILITY = YES_AGGRESSIVE;
				CLANG_WARN_UNREACHABLE_CODE = YES;
				CLANG_WARN__DUPLICATE_METHOD_MATCH = YES;
				CODE_SIGN_IDENTITY = "iPhone Developer";
				COPY_PHASE_STRIP = NO;
				DEBUG_INFORMATION_FORMAT = "dwarf-with-dsym";
				ENABLE_NS_ASSERTIONS = NO;
				ENABLE_STRICT_OBJC_MSGSEND = YES;
				GCC_C_LANGUAGE_STANDARD = gnu11;
				GCC_NO_COMMON_BLOCKS = YES;
				GCC_WARN_64_TO_32_BIT_CONVERSION = YES;
				GCC_WARN_ABOUT_RETURN_TYPE = YES_ERROR;
				GCC_WARN_UNDECLARED_SELECTOR = YES;
				GCC_WARN_UNINITIALIZED_AUTOS = YES_AGGRESSIVE;
				GCC_WARN_UNUSED_FUNCTION = YES;
				GCC_WARN_UNUSED_VARIABLE = YES;
				IPHONEOS_DEPLOYMENT_TARGET = 11.0;
				MTL_ENABLE_DEBUG_INFO = NO;
				SDKROOT = iphoneos;
				VALIDATE_PRODUCT = YES;
			};
			name = Release;
		};
		810F03151F734ABC00B98740 /* Debug */ = {
			isa = XCBuildConfiguration;
			buildSettings = {
				ASSETCATALOG_COMPILER_APPICON_NAME = AppIcon;
				CODE_SIGN_STYLE = Automatic;
				INFOPLIST_FILE = LPFTableView/Info.plist;
				LD_RUNPATH_SEARCH_PATHS = "$(inherited) @executable_path/Frameworks";
				PRODUCT_BUNDLE_IDENTIFIER = LPF.LPFTableView;
				PRODUCT_NAME = "$(TARGET_NAME)";
				TARGETED_DEVICE_FAMILY = "1,2";
			};
			name = Debug;
		};
		810F03161F734ABC00B98740 /* Release */ = {
			isa = XCBuildConfiguration;
			buildSettings = {
				ASSETCATALOG_COMPILER_APPICON_NAME = AppIcon;
				CODE_SIGN_STYLE = Automatic;
				INFOPLIST_FILE = LPFTableView/Info.plist;
				LD_RUNPATH_SEARCH_PATHS = "$(inherited) @executable_path/Frameworks";
				PRODUCT_BUNDLE_IDENTIFIER = LPF.LPFTableView;
				PRODUCT_NAME = "$(TARGET_NAME)";
				TARGETED_DEVICE_FAMILY = "1,2";
			};
			name = Release;
		};
/* End XCBuildConfiguration section */

/* Begin XCConfigurationList section */
		810F02F91F734ABC00B98740 /* Build configuration list for PBXProject "LPFTableView" */ = {
			isa = XCConfigurationList;
			buildConfigurations = (
				810F03121F734ABC00B98740 /* Debug */,
				810F03131F734ABC00B98740 /* Release */,
			);
			defaultConfigurationIsVisible = 0;
			defaultConfigurationName = Release;
		};
		810F03141F734ABC00B98740 /* Build configuration list for PBXNativeTarget "LPFTableView" */ = {
			isa = XCConfigurationList;
			buildConfigurations = (
				810F03151F734ABC00B98740 /* Debug */,
				810F03161F734ABC00B98740 /* Release */,
			);
			defaultConfigurationIsVisible = 0;
			defaultConfigurationName = Release;
		};
/* End XCConfigurationList section */
	};
	rootObject = 810F02F61F734ABC00B98740 /* Project object */;
}
